
Microsoft Visual Studio Solution File, Format Version 12.00
# Visual Studio Version 16
VisualStudioVersion = 16.0.31025.194
MinimumVisualStudioVersion = 10.0.40219.1
Project("{FAE04EC0-301F-11D3-BF4B-00C04F79EFBC}") = "LV1-RUAP", "LV1-RUAP\LV1-RUAP.csproj", "{15DF44BD-67C3-40FC-A398-0FB5AC3B4E50}"
EndProject
Global
	GlobalSection(SolutionConfigurationPlatforms) = preSolution
		Debug|Any CPU = Debug|Any CPU
		Release|Any CPU = Release|Any CPU
	EndGlobalSection
	GlobalSection(ProjectConfigurationPlatforms) = postSolution
		{15DF44BD-67C3-40FC-A398-0FB5AC3B4E50}.Debug|Any CPU.ActiveCfg = Debug|Any CPU
		{15DF44BD-67C3-40FC-A398-0FB5AC3B4E50}.Debug|Any CPU.Build.0 = Debug|Any CPU
		{15DF44BD-67C3-40FC-A398-0FB5AC3B4E50}.Release|Any CPU.ActiveCfg = Release|Any CPU
		{15DF44BD-67C3-40FC-A398-0FB5AC3B4E50}.Release|Any CPU.Build.0 = Release|Any CPU
	EndGlobalSection
	GlobalSection(SolutionProperties) = preSolution
		HideSolutionNode = FALSE
	EndGlobalSection
	GlobalSection(ExtensibilityGlobals) = postSolution
		SolutionGuid = {E68B982F-357F-495B-AFFE-CCECAB4389B2}
	EndGlobalSection
EndGlobal
